
Microsoft Visual Studio Solution File, Format Version 11.00
# Visual C# Express 2010
Project("{FAE04EC0-301F-11D3-BF4B-00C04F79EFBC}") = "Day1", "Day1\Day1.csproj", "{340065DC-25F0-4AB3-9BC1-5C5E09F0FE39}"
EndProject
Project("{FAE04EC0-301F-11D3-BF4B-00C04F79EFBC}") = "Day2", "Day2\Day2.csproj", "{B846D6DB-5E5D-4224-94A4-1190E796F4B1}"
EndProject
Project("{FAE04EC0-301F-11D3-BF4B-00C04F79EFBC}") = "Day3", "Day3\Day3.csproj", "{52531789-335F-4413-93F0-49A7FCF75E6E}"
EndProject
Project("{FAE04EC0-301F-11D3-BF4B-00C04F79EFBC}") = "Day4", "Day4\Day4.csproj", "{4D39D0E7-DEC1-441E-B95C-5985A0865EA4}"
EndProject
Project("{FAE04EC0-301F-11D3-BF4B-00C04F79EFBC}") = "Day5", "Day5\Day5.csproj", "{F191AC26-8B7B-4190-B01A-FC0F03F4C9C1}"
EndProject
Project("{FAE04EC0-301F-11D3-BF4B-00C04F79EFBC}") = "Day6", "Day6\Day6.csproj", "{F6D15A66-860A-4EAC-8F27-0403CCDB07C4}"
EndProject
Project("{FAE04EC0-301F-11D3-BF4B-00C04F79EFBC}") = "Day7", "Day7\Day7.csproj", "{C28F36F9-C0C2-45A4-B58E-5D11CEA1424F}"
EndProject
Project("{FAE04EC0-301F-11D3-BF4B-00C04F79EFBC}") = "Day8", "Day8\Day8.csproj", "{853E3397-7577-4CCF-A356-C6EE04424AA9}"
EndProject
Project("{FAE04EC0-301F-11D3-BF4B-00C04F79EFBC}") = "Day9", "Day9\Day9.csproj", "{C2A63DFA-8687-480D-9EAF-19EE0F4DD021}"
EndProject
Project("{FAE04EC0-301F-11D3-BF4B-00C04F79EFBC}") = "Day10", "Day10\Day10.csproj", "{D3C3D383-D22B-4B55-946B-513795FF7B6D}"
EndProject
Project("{FAE04EC0-301F-11D3-BF4B-00C04F79EFBC}") = "Day11", "Day11\Day11.csproj", "{DE65E264-FF69-41A8-8B6C-BCE4315549FA}"
EndProject
Project("{FAE04EC0-301F-11D3-BF4B-00C04F79EFBC}") = "Day12", "Day12\Day12.csproj", "{71FB075E-F0A6-4101-9616-B01D25E15C74}"
EndProject
Project("{FAE04EC0-301F-11D3-BF4B-00C04F79EFBC}") = "Day13", "Day13\Day13.csproj", "{04FFD874-62E8-46F6-AB47-38256B3D1F04}"
EndProject
Project("{FAE04EC0-301F-11D3-BF4B-00C04F79EFBC}") = "Day14", "Day14\Day14.csproj", "{6ACBD2C4-1655-4926-814B-A6B041FBDCAD}"
EndProject
Global
	GlobalSection(SolutionConfigurationPlatforms) = preSolution
		Debug|x86 = Debug|x86
		Release|x86 = Release|x86
	EndGlobalSection
	GlobalSection(ProjectConfigurationPlatforms) = postSolution
		{340065DC-25F0-4AB3-9BC1-5C5E09F0FE39}.Debug|x86.ActiveCfg = Debug|x86
		{340065DC-25F0-4AB3-9BC1-5C5E09F0FE39}.Debug|x86.Build.0 = Debug|x86
		{340065DC-25F0-4AB3-9BC1-5C5E09F0FE39}.Release|x86.ActiveCfg = Release|x86
		{340065DC-25F0-4AB3-9BC1-5C5E09F0FE39}.Release|x86.Build.0 = Release|x86
		{B846D6DB-5E5D-4224-94A4-1190E796F4B1}.Debug|x86.ActiveCfg = Debug|x86
		{B846D6DB-5E5D-4224-94A4-1190E796F4B1}.Debug|x86.Build.0 = Debug|x86
		{B846D6DB-5E5D-4224-94A4-1190E796F4B1}.Release|x86.ActiveCfg = Release|x86
		{B846D6DB-5E5D-4224-94A4-1190E796F4B1}.Release|x86.Build.0 = Release|x86
		{52531789-335F-4413-93F0-49A7FCF75E6E}.Debug|x86.ActiveCfg = Debug|x86
		{52531789-335F-4413-93F0-49A7FCF75E6E}.Debug|x86.Build.0 = Debug|x86
		{52531789-335F-4413-93F0-49A7FCF75E6E}.Release|x86.ActiveCfg = Release|x86
		{52531789-335F-4413-93F0-49A7FCF75E6E}.Release|x86.Build.0 = Release|x86
		{4D39D0E7-DEC1-441E-B95C-5985A0865EA4}.Debug|x86.ActiveCfg = Debug|x86
		{4D39D0E7-DEC1-441E-B95C-5985A0865EA4}.Debug|x86.Build.0 = Debug|x86
		{4D39D0E7-DEC1-441E-B95C-5985A0865EA4}.Release|x86.ActiveCfg = Release|x86
		{4D39D0E7-DEC1-441E-B95C-5985A0865EA4}.Release|x86.Build.0 = Release|x86
		{F191AC26-8B7B-4190-B01A-FC0F03F4C9C1}.Debug|x86.ActiveCfg = Debug|x86
		{F191AC26-8B7B-4190-B01A-FC0F03F4C9C1}.Debug|x86.Build.0 = Debug|x86
		{F191AC26-8B7B-4190-B01A-FC0F03F4C9C1}.Release|x86.ActiveCfg = Release|x86
		{F191AC26-8B7B-4190-B01A-FC0F03F4C9C1}.Release|x86.Build.0 = Release|x86
		{F6D15A66-860A-4EAC-8F27-0403CCDB07C4}.Debug|x86.ActiveCfg = Debug|x86
		{F6D15A66-860A-4EAC-8F27-0403CCDB07C4}.Debug|x86.Build.0 = Debug|x86
		{F6D15A66-860A-4EAC-8F27-0403CCDB07C4}.Release|x86.ActiveCfg = Release|x86
		{F6D15A66-860A-4EAC-8F27-0403CCDB07C4}.Release|x86.Build.0 = Release|x86
		{C28F36F9-C0C2-45A4-B58E-5D11CEA1424F}.Debug|x86.ActiveCfg = Debug|x86
		{C28F36F9-C0C2-45A4-B58E-5D11CEA1424F}.Debug|x86.Build.0 = Debug|x86
		{C28F36F9-C0C2-45A4-B58E-5D11CEA1424F}.Release|x86.ActiveCfg = Release|x86
		{C28F36F9-C0C2-45A4-B58E-5D11CEA1424F}.Release|x86.Build.0 = Release|x86
		{853E3397-7577-4CCF-A356-C6EE04424AA9}.Debug|x86.ActiveCfg = Debug|x86
		{853E3397-7577-4CCF-A356-C6EE04424AA9}.Debug|x86.Build.0 = Debug|x86
		{853E3397-7577-4CCF-A356-C6EE04424AA9}.Release|x86.ActiveCfg = Release|x86
		{853E3397-7577-4CCF-A356-C6EE04424AA9}.Release|x86.Build.0 = Release|x86
		{C2A63DFA-8687-480D-9EAF-19EE0F4DD021}.Debug|x86.ActiveCfg = Debug|x86
		{C2A63DFA-8687-480D-9EAF-19EE0F4DD021}.Debug|x86.Build.0 = Debug|x86
		{C2A63DFA-8687-480D-9EAF-19EE0F4DD021}.Release|x86.ActiveCfg = Release|x86
		{C2A63DFA-8687-480D-9EAF-19EE0F4DD021}.Release|x86.Build.0 = Release|x86
		{D3C3D383-D22B-4B55-946B-513795FF7B6D}.Debug|x86.ActiveCfg = Debug|x86
		{D3C3D383-D22B-4B55-946B-513795FF7B6D}.Debug|x86.Build.0 = Debug|x86
		{D3C3D383-D22B-4B55-946B-513795FF7B6D}.Release|x86.ActiveCfg = Release|x86
		{D3C3D383-D22B-4B55-946B-513795FF7B6D}.Release|x86.Build.0 = Release|x86
		{DE65E264-FF69-41A8-8B6C-BCE4315549FA}.Debug|x86.ActiveCfg = Debug|x86
		{DE65E264-FF69-41A8-8B6C-BCE4315549FA}.Debug|x86.Build.0 = Debug|x86
		{DE65E264-FF69-41A8-8B6C-BCE4315549FA}.Release|x86.ActiveCfg = Release|x86
		{DE65E264-FF69-41A8-8B6C-BCE4315549FA}.Release|x86.Build.0 = Release|x86
		{71FB075E-F0A6-4101-9616-B01D25E15C74}.Debug|x86.ActiveCfg = Debug|x86
		{71FB075E-F0A6-4101-9616-B01D25E15C74}.Debug|x86.Build.0 = Debug|x86
		{71FB075E-F0A6-4101-9616-B01D25E15C74}.Release|x86.ActiveCfg = Release|x86
		{71FB075E-F0A6-4101-9616-B01D25E15C74}.Release|x86.Build.0 = Release|x86
		{04FFD874-62E8-46F6-AB47-38256B3D1F04}.Debug|x86.ActiveCfg = Debug|x86
		{04FFD874-62E8-46F6-AB47-38256B3D1F04}.Debug|x86.Build.0 = Debug|x86
		{04FFD874-62E8-46F6-AB47-38256B3D1F04}.Release|x86.ActiveCfg = Release|x86
		{04FFD874-62E8-46F6-AB47-38256B3D1F04}.Release|x86.Build.0 = Release|x86
		{6ACBD2C4-1655-4926-814B-A6B041FBDCAD}.Debug|x86.ActiveCfg = Debug|x86
		{6ACBD2C4-1655-4926-814B-A6B041FBDCAD}.Debug|x86.Build.0 = Debug|x86
		{6ACBD2C4-1655-4926-814B-A6B041FBDCAD}.Release|x86.ActiveCfg = Release|x86
		{6ACBD2C4-1655-4926-814B-A6B041FBDCAD}.Release|x86.Build.0 = Release|x86
	EndGlobalSection
	GlobalSection(SolutionProperties) = preSolution
		HideSolutionNode = FALSE
	EndGlobalSection
EndGlobal
